
Microsoft Visual Studio Solution File, Format Version 12.00
# Visual Studio Version 17
VisualStudioVersion = 17.14.36518.9 d17.14
MinimumVisualStudioVersion = 10.0.40219.1
Project("{FAE04EC0-301F-11D3-BF4B-00C04F79EFBC}") = "Azunt.DefaultAttachmentManagement", "Azunt.DefaultAttachmentManagement\Azunt.DefaultAttachmentManagement.csproj", "{DDD50ABF-2451-45FF-969D-DCFEBC16C04B}"
EndProject
Global
	GlobalSection(SolutionConfigurationPlatforms) = preSolution
		Debug|Any CPU = Debug|Any CPU
		Release|Any CPU = Release|Any CPU
	EndGlobalSection
	GlobalSection(ProjectConfigurationPlatforms) = postSolution
		{DDD50ABF-2451-45FF-969D-DCFEBC16C04B}.Debug|Any CPU.ActiveCfg = Debug|Any CPU
		{DDD50ABF-2451-45FF-969D-DCFEBC16C04B}.Debug|Any CPU.Build.0 = Debug|Any CPU
		{DDD50ABF-2451-45FF-969D-DCFEBC16C04B}.Release|Any CPU.ActiveCfg = Release|Any CPU
		{DDD50ABF-2451-45FF-969D-DCFEBC16C04B}.Release|Any CPU.Build.0 = Release|Any CPU
	EndGlobalSection
	GlobalSection(SolutionProperties) = preSolution
		HideSolutionNode = FALSE
	EndGlobalSection
	GlobalSection(ExtensibilityGlobals) = postSolution
		SolutionGuid = {074FEC6F-F390-437A-8200-4726DEB79001}
	EndGlobalSection
EndGlobal
